{
    "name": "visual",
    "version": "2.5.0",
    "lockfileVersion": 1,
    "requires": true,
    "dependencies": {
        "d3": {
            "version": "3.5.5",
            "resolved": "https://registry.npmjs.org/d3/-/d3-3.5.5.tgz",
            "integrity": "sha1-vhq6aoT7ZlMoOz6+u39XDjvaGH4=",
            "dev": true
        }
    }
}
